{
  "requires": true,
  "lockfileVersion": 1,
  "dependencies": {
    "emailjs-com": {
      "version": "2.4.1",
      "resolved": "https://registry.npmjs.org/emailjs-com/-/emailjs-com-2.4.1.tgz",
      "integrity": "sha512-JOnOm+dRv1Rc+yy+Y0QXKxYYdpbRl7C9xlOwKyTmpbCqAM6rcXRAc/D1igiPHqn1eTvCKzpeursTqfX6e7bdBw=="
    }
  }
}
